
Microsoft Visual Studio Solution File, Format Version 12.00
# Visual Studio Version 17
VisualStudioVersion = 17.13.35931.197 d17.13
MinimumVisualStudioVersion = 10.0.40219.1
Project("{FAE04EC0-301F-11D3-BF4B-00C04F79EFBC}") = "AW23_PRRPRR01_Repetition", "AW23_PRRPRR01_Repetition\AW23_PRRPRR01_Repetition.csproj", "{55208D9B-2060-4F89-BF3D-E236AC38649D}"
EndProject
Global
	GlobalSection(SolutionConfigurationPlatforms) = preSolution
		Debug|Any CPU = Debug|Any CPU
		Release|Any CPU = Release|Any CPU
	EndGlobalSection
	GlobalSection(ProjectConfigurationPlatforms) = postSolution
		{55208D9B-2060-4F89-BF3D-E236AC38649D}.Debug|Any CPU.ActiveCfg = Debug|Any CPU
		{55208D9B-2060-4F89-BF3D-E236AC38649D}.Debug|Any CPU.Build.0 = Debug|Any CPU
		{55208D9B-2060-4F89-BF3D-E236AC38649D}.Release|Any CPU.ActiveCfg = Release|Any CPU
		{55208D9B-2060-4F89-BF3D-E236AC38649D}.Release|Any CPU.Build.0 = Release|Any CPU
	EndGlobalSection
	GlobalSection(SolutionProperties) = preSolution
		HideSolutionNode = FALSE
	EndGlobalSection
	GlobalSection(ExtensibilityGlobals) = postSolution
		SolutionGuid = {D927B046-58B9-4F40-8DAA-9A82F2CB0FBC}
	EndGlobalSection
EndGlobal
